
Microsoft Visual Studio Solution File, Format Version 12.00
# Visual Studio Version 17
VisualStudioVersion = 17.13.35507.96
MinimumVisualStudioVersion = 10.0.40219.1
Project("{2150E333-8FDC-42A3-9474-1A3956D46DE8}") = "Forum", "Forum", "{02EA681E-C7D8-13C7-8484-4AC65E1B71E8}"
EndProject
Project("{FAE04EC0-301F-11D3-BF4B-00C04F79EFBC}") = "ForumFeedback.Infrastructure", "ForumFeedback.Infrastructure\ForumFeedback.Infrastructure.csproj", "{21D57199-9A0C-ACF9-0B46-19FDD64A396D}"
EndProject
Project("{FAE04EC0-301F-11D3-BF4B-00C04F79EFBC}") = "ForumFeedback.Domain.Test", "ForumFeedback.Domain.Test\ForumFeedback.Domain.Test.csproj", "{3C655377-CF4A-850E-B38B-A2FED2EB8361}"
EndProject
Project("{FAE04EC0-301F-11D3-BF4B-00C04F79EFBC}") = "ForumFeedback.Domain", "ForumFeedback.Domain\ForumFeedback.Domain.csproj", "{279E70C0-B1FE-F373-450C-58CE42225DB4}"
EndProject
Project("{FAE04EC0-301F-11D3-BF4B-00C04F79EFBC}") = "ForumFeedback.DatabaseMigration", "ForumFeedback.DatabaseMigration\ForumFeedback.DatabaseMigration.csproj", "{FD02F890-839D-33EA-CEAC-280931A93116}"
EndProject
Project("{FAE04EC0-301F-11D3-BF4B-00C04F79EFBC}") = "ForumFeedback.Application", "ForumFeedback.Application\ForumFeedback.Application.csproj", "{5F7C0FA7-80B7-48A7-E84C-EADD55D82901}"
EndProject
Project("{FAE04EC0-301F-11D3-BF4B-00C04F79EFBC}") = "ForumFeedback.Api", "ForumFeedback.Api\ForumFeedback.Api.csproj", "{EF00AFEF-6F65-6BD0-BFB8-3A9ED0CE26E1}"
EndProject
Project("{2150E333-8FDC-42A3-9474-1A3956D46DE8}") = "Login", "Login", "{944E585C-0A75-49CB-9746-81C3CC4BD0A9}"
EndProject
Project("{FAE04EC0-301F-11D3-BF4B-00C04F79EFBC}") = "Login.Api", "Login.Api\Login.Api.csproj", "{92CB476D-C6FB-DAEC-708E-A033FA658218}"
EndProject
Project("{FAE04EC0-301F-11D3-BF4B-00C04F79EFBC}") = "Login.Application", "Login.Application\Login.Application.csproj", "{FF8C1350-4E1D-3E38-756B-E6932209F9BC}"
EndProject
Project("{FAE04EC0-301F-11D3-BF4B-00C04F79EFBC}") = "Login.DatabaseMigration", "Login.DatabaseMigration\Login.DatabaseMigration.csproj", "{4EA8C642-F151-174E-0B4D-E75ED4DF832E}"
EndProject
Project("{FAE04EC0-301F-11D3-BF4B-00C04F79EFBC}") = "Login.Domain", "Login.Domain\Login.Domain.csproj", "{1BF6BDDB-5BD0-15E2-3989-ED56FA866F8B}"
EndProject
Project("{FAE04EC0-301F-11D3-BF4B-00C04F79EFBC}") = "Login.Domain.Test", "Login.Domain.Test\Login.Domain.Test.csproj", "{AF991D41-6802-5A92-0D48-03D08C2EA80E}"
EndProject
Project("{FAE04EC0-301F-11D3-BF4B-00C04F79EFBC}") = "Login.Infrastructure", "Login.Infrastructure\Login.Infrastructure.csproj", "{1BA3ADBF-60D8-4460-F026-5C258D29F79E}"
EndProject
Project("{2150E333-8FDC-42A3-9474-1A3956D46DE8}") = "ReverseProxy", "ReverseProxy", "{40BC88C8-F6D0-4E81-892E-315496FC6AD4}"
EndProject
Project("{FAE04EC0-301F-11D3-BF4B-00C04F79EFBC}") = "ReverseProxy", "ReverseProxy\ReverseProxy.csproj", "{29503D77-165B-4405-BB15-5BC38821168A}"
EndProject
Project("{2150E333-8FDC-42A3-9474-1A3956D46DE8}") = "ExitSlip", "ExitSlip", "{E4136A3D-0A25-49DB-9759-085BB73CD28A}"
EndProject
Project("{FAE04EC0-301F-11D3-BF4B-00C04F79EFBC}") = "ExitSlip.Api", "ExitSlip.Api\ExitSlip.Api.csproj", "{FE7AEDE3-E874-4E35-A358-2519698A529A}"
EndProject
Project("{FAE04EC0-301F-11D3-BF4B-00C04F79EFBC}") = "ExitSlip.Application", "ExitSlip.Application\ExitSlip.Application.csproj", "{38D92B61-BDA1-48D9-8DA7-54E829530CC8}"
EndProject
Project("{FAE04EC0-301F-11D3-BF4B-00C04F79EFBC}") = "ExitSlip.Domain", "ExitSlip.Domain\ExitSlip.Domain.csproj", "{CFF49C03-EDD0-41F2-A52D-CF3E10B84E89}"
EndProject
Project("{FAE04EC0-301F-11D3-BF4B-00C04F79EFBC}") = "ExitSlip.Domain.Test", "ExitSlip.Domain.Test\ExitSlip.Domain.Test.csproj", "{ED1151DB-838B-4D05-BB23-0F937B87E7DD}"
EndProject
Project("{FAE04EC0-301F-11D3-BF4B-00C04F79EFBC}") = "ExitSlip.Infrastructure", "ExitSlip.Infrastructure\ExitSlip.Infrastructure.csproj", "{D6433A01-1082-48C8-B15D-C3831B692B64}"
EndProject
Project("{FAE04EC0-301F-11D3-BF4B-00C04F79EFBC}") = "ExitSlip.DatabaseMigration", "ExitSlip.DatabaseMigration\ExitSlip.DatabaseMigration.csproj", "{7796758E-F8AF-4C0C-945B-04B20D37FB81}"
EndProject
Global
	GlobalSection(SolutionConfigurationPlatforms) = preSolution
		Debug|Any CPU = Debug|Any CPU
		Release|Any CPU = Release|Any CPU
	EndGlobalSection
	GlobalSection(ProjectConfigurationPlatforms) = postSolution
		{21D57199-9A0C-ACF9-0B46-19FDD64A396D}.Debug|Any CPU.ActiveCfg = Debug|Any CPU
		{21D57199-9A0C-ACF9-0B46-19FDD64A396D}.Debug|Any CPU.Build.0 = Debug|Any CPU
		{21D57199-9A0C-ACF9-0B46-19FDD64A396D}.Release|Any CPU.ActiveCfg = Release|Any CPU
		{21D57199-9A0C-ACF9-0B46-19FDD64A396D}.Release|Any CPU.Build.0 = Release|Any CPU
		{3C655377-CF4A-850E-B38B-A2FED2EB8361}.Debug|Any CPU.ActiveCfg = Debug|Any CPU
		{3C655377-CF4A-850E-B38B-A2FED2EB8361}.Debug|Any CPU.Build.0 = Debug|Any CPU
		{3C655377-CF4A-850E-B38B-A2FED2EB8361}.Release|Any CPU.ActiveCfg = Release|Any CPU
		{3C655377-CF4A-850E-B38B-A2FED2EB8361}.Release|Any CPU.Build.0 = Release|Any CPU
		{279E70C0-B1FE-F373-450C-58CE42225DB4}.Debug|Any CPU.ActiveCfg = Debug|Any CPU
		{279E70C0-B1FE-F373-450C-58CE42225DB4}.Debug|Any CPU.Build.0 = Debug|Any CPU
		{279E70C0-B1FE-F373-450C-58CE42225DB4}.Release|Any CPU.ActiveCfg = Release|Any CPU
		{279E70C0-B1FE-F373-450C-58CE42225DB4}.Release|Any CPU.Build.0 = Release|Any CPU
		{FD02F890-839D-33EA-CEAC-280931A93116}.Debug|Any CPU.ActiveCfg = Debug|Any CPU
		{FD02F890-839D-33EA-CEAC-280931A93116}.Debug|Any CPU.Build.0 = Debug|Any CPU
		{FD02F890-839D-33EA-CEAC-280931A93116}.Release|Any CPU.ActiveCfg = Release|Any CPU
		{FD02F890-839D-33EA-CEAC-280931A93116}.Release|Any CPU.Build.0 = Release|Any CPU
		{5F7C0FA7-80B7-48A7-E84C-EADD55D82901}.Debug|Any CPU.ActiveCfg = Debug|Any CPU
		{5F7C0FA7-80B7-48A7-E84C-EADD55D82901}.Debug|Any CPU.Build.0 = Debug|Any CPU
		{5F7C0FA7-80B7-48A7-E84C-EADD55D82901}.Release|Any CPU.ActiveCfg = Release|Any CPU
		{5F7C0FA7-80B7-48A7-E84C-EADD55D82901}.Release|Any CPU.Build.0 = Release|Any CPU
		{EF00AFEF-6F65-6BD0-BFB8-3A9ED0CE26E1}.Debug|Any CPU.ActiveCfg = Debug|Any CPU
		{EF00AFEF-6F65-6BD0-BFB8-3A9ED0CE26E1}.Debug|Any CPU.Build.0 = Debug|Any CPU
		{EF00AFEF-6F65-6BD0-BFB8-3A9ED0CE26E1}.Release|Any CPU.ActiveCfg = Release|Any CPU
		{EF00AFEF-6F65-6BD0-BFB8-3A9ED0CE26E1}.Release|Any CPU.Build.0 = Release|Any CPU
		{92CB476D-C6FB-DAEC-708E-A033FA658218}.Debug|Any CPU.ActiveCfg = Debug|Any CPU
		{92CB476D-C6FB-DAEC-708E-A033FA658218}.Debug|Any CPU.Build.0 = Debug|Any CPU
		{92CB476D-C6FB-DAEC-708E-A033FA658218}.Release|Any CPU.ActiveCfg = Release|Any CPU
		{92CB476D-C6FB-DAEC-708E-A033FA658218}.Release|Any CPU.Build.0 = Release|Any CPU
		{FF8C1350-4E1D-3E38-756B-E6932209F9BC}.Debug|Any CPU.ActiveCfg = Debug|Any CPU
		{FF8C1350-4E1D-3E38-756B-E6932209F9BC}.Debug|Any CPU.Build.0 = Debug|Any CPU
		{FF8C1350-4E1D-3E38-756B-E6932209F9BC}.Release|Any CPU.ActiveCfg = Release|Any CPU
		{FF8C1350-4E1D-3E38-756B-E6932209F9BC}.Release|Any CPU.Build.0 = Release|Any CPU
		{4EA8C642-F151-174E-0B4D-E75ED4DF832E}.Debug|Any CPU.ActiveCfg = Debug|Any CPU
		{4EA8C642-F151-174E-0B4D-E75ED4DF832E}.Debug|Any CPU.Build.0 = Debug|Any CPU
		{4EA8C642-F151-174E-0B4D-E75ED4DF832E}.Release|Any CPU.ActiveCfg = Release|Any CPU
		{4EA8C642-F151-174E-0B4D-E75ED4DF832E}.Release|Any CPU.Build.0 = Release|Any CPU
		{1BF6BDDB-5BD0-15E2-3989-ED56FA866F8B}.Debug|Any CPU.ActiveCfg = Debug|Any CPU
		{1BF6BDDB-5BD0-15E2-3989-ED56FA866F8B}.Debug|Any CPU.Build.0 = Debug|Any CPU
		{1BF6BDDB-5BD0-15E2-3989-ED56FA866F8B}.Release|Any CPU.ActiveCfg = Release|Any CPU
		{1BF6BDDB-5BD0-15E2-3989-ED56FA866F8B}.Release|Any CPU.Build.0 = Release|Any CPU
		{AF991D41-6802-5A92-0D48-03D08C2EA80E}.Debug|Any CPU.ActiveCfg = Debug|Any CPU
		{AF991D41-6802-5A92-0D48-03D08C2EA80E}.Debug|Any CPU.Build.0 = Debug|Any CPU
		{AF991D41-6802-5A92-0D48-03D08C2EA80E}.Release|Any CPU.ActiveCfg = Release|Any CPU
		{AF991D41-6802-5A92-0D48-03D08C2EA80E}.Release|Any CPU.Build.0 = Release|Any CPU
		{1BA3ADBF-60D8-4460-F026-5C258D29F79E}.Debug|Any CPU.ActiveCfg = Debug|Any CPU
		{1BA3ADBF-60D8-4460-F026-5C258D29F79E}.Debug|Any CPU.Build.0 = Debug|Any CPU
		{1BA3ADBF-60D8-4460-F026-5C258D29F79E}.Release|Any CPU.ActiveCfg = Release|Any CPU
		{1BA3ADBF-60D8-4460-F026-5C258D29F79E}.Release|Any CPU.Build.0 = Release|Any CPU
		{29503D77-165B-4405-BB15-5BC38821168A}.Debug|Any CPU.ActiveCfg = Debug|Any CPU
		{29503D77-165B-4405-BB15-5BC38821168A}.Debug|Any CPU.Build.0 = Debug|Any CPU
		{29503D77-165B-4405-BB15-5BC38821168A}.Release|Any CPU.ActiveCfg = Release|Any CPU
		{29503D77-165B-4405-BB15-5BC38821168A}.Release|Any CPU.Build.0 = Release|Any CPU
		{FE7AEDE3-E874-4E35-A358-2519698A529A}.Debug|Any CPU.ActiveCfg = Debug|Any CPU
		{FE7AEDE3-E874-4E35-A358-2519698A529A}.Debug|Any CPU.Build.0 = Debug|Any CPU
		{FE7AEDE3-E874-4E35-A358-2519698A529A}.Release|Any CPU.ActiveCfg = Release|Any CPU
		{FE7AEDE3-E874-4E35-A358-2519698A529A}.Release|Any CPU.Build.0 = Release|Any CPU
		{38D92B61-BDA1-48D9-8DA7-54E829530CC8}.Debug|Any CPU.ActiveCfg = Debug|Any CPU
		{38D92B61-BDA1-48D9-8DA7-54E829530CC8}.Debug|Any CPU.Build.0 = Debug|Any CPU
		{38D92B61-BDA1-48D9-8DA7-54E829530CC8}.Release|Any CPU.ActiveCfg = Release|Any CPU
		{38D92B61-BDA1-48D9-8DA7-54E829530CC8}.Release|Any CPU.Build.0 = Release|Any CPU
		{CFF49C03-EDD0-41F2-A52D-CF3E10B84E89}.Debug|Any CPU.ActiveCfg = Debug|Any CPU
		{CFF49C03-EDD0-41F2-A52D-CF3E10B84E89}.Debug|Any CPU.Build.0 = Debug|Any CPU
		{CFF49C03-EDD0-41F2-A52D-CF3E10B84E89}.Release|Any CPU.ActiveCfg = Release|Any CPU
		{CFF49C03-EDD0-41F2-A52D-CF3E10B84E89}.Release|Any CPU.Build.0 = Release|Any CPU
		{ED1151DB-838B-4D05-BB23-0F937B87E7DD}.Debug|Any CPU.ActiveCfg = Debug|Any CPU
		{ED1151DB-838B-4D05-BB23-0F937B87E7DD}.Debug|Any CPU.Build.0 = Debug|Any CPU
		{ED1151DB-838B-4D05-BB23-0F937B87E7DD}.Release|Any CPU.ActiveCfg = Release|Any CPU
		{ED1151DB-838B-4D05-BB23-0F937B87E7DD}.Release|Any CPU.Build.0 = Release|Any CPU
		{D6433A01-1082-48C8-B15D-C3831B692B64}.Debug|Any CPU.ActiveCfg = Debug|Any CPU
		{D6433A01-1082-48C8-B15D-C3831B692B64}.Debug|Any CPU.Build.0 = Debug|Any CPU
		{D6433A01-1082-48C8-B15D-C3831B692B64}.Release|Any CPU.ActiveCfg = Release|Any CPU
		{D6433A01-1082-48C8-B15D-C3831B692B64}.Release|Any CPU.Build.0 = Release|Any CPU
		{7796758E-F8AF-4C0C-945B-04B20D37FB81}.Debug|Any CPU.ActiveCfg = Debug|Any CPU
		{7796758E-F8AF-4C0C-945B-04B20D37FB81}.Debug|Any CPU.Build.0 = Debug|Any CPU
		{7796758E-F8AF-4C0C-945B-04B20D37FB81}.Release|Any CPU.ActiveCfg = Release|Any CPU
		{7796758E-F8AF-4C0C-945B-04B20D37FB81}.Release|Any CPU.Build.0 = Release|Any CPU
	EndGlobalSection
	GlobalSection(SolutionProperties) = preSolution
		HideSolutionNode = FALSE
	EndGlobalSection
	GlobalSection(NestedProjects) = preSolution
		{21D57199-9A0C-ACF9-0B46-19FDD64A396D} = {02EA681E-C7D8-13C7-8484-4AC65E1B71E8}
		{3C655377-CF4A-850E-B38B-A2FED2EB8361} = {02EA681E-C7D8-13C7-8484-4AC65E1B71E8}
		{279E70C0-B1FE-F373-450C-58CE42225DB4} = {02EA681E-C7D8-13C7-8484-4AC65E1B71E8}
		{FD02F890-839D-33EA-CEAC-280931A93116} = {02EA681E-C7D8-13C7-8484-4AC65E1B71E8}
		{5F7C0FA7-80B7-48A7-E84C-EADD55D82901} = {02EA681E-C7D8-13C7-8484-4AC65E1B71E8}
		{EF00AFEF-6F65-6BD0-BFB8-3A9ED0CE26E1} = {02EA681E-C7D8-13C7-8484-4AC65E1B71E8}
		{92CB476D-C6FB-DAEC-708E-A033FA658218} = {944E585C-0A75-49CB-9746-81C3CC4BD0A9}
		{FF8C1350-4E1D-3E38-756B-E6932209F9BC} = {944E585C-0A75-49CB-9746-81C3CC4BD0A9}
		{4EA8C642-F151-174E-0B4D-E75ED4DF832E} = {944E585C-0A75-49CB-9746-81C3CC4BD0A9}
		{1BF6BDDB-5BD0-15E2-3989-ED56FA866F8B} = {944E585C-0A75-49CB-9746-81C3CC4BD0A9}
		{AF991D41-6802-5A92-0D48-03D08C2EA80E} = {944E585C-0A75-49CB-9746-81C3CC4BD0A9}
		{1BA3ADBF-60D8-4460-F026-5C258D29F79E} = {944E585C-0A75-49CB-9746-81C3CC4BD0A9}
		{29503D77-165B-4405-BB15-5BC38821168A} = {40BC88C8-F6D0-4E81-892E-315496FC6AD4}
		{FE7AEDE3-E874-4E35-A358-2519698A529A} = {E4136A3D-0A25-49DB-9759-085BB73CD28A}
		{38D92B61-BDA1-48D9-8DA7-54E829530CC8} = {E4136A3D-0A25-49DB-9759-085BB73CD28A}
		{CFF49C03-EDD0-41F2-A52D-CF3E10B84E89} = {E4136A3D-0A25-49DB-9759-085BB73CD28A}
		{ED1151DB-838B-4D05-BB23-0F937B87E7DD} = {E4136A3D-0A25-49DB-9759-085BB73CD28A}
		{D6433A01-1082-48C8-B15D-C3831B692B64} = {E4136A3D-0A25-49DB-9759-085BB73CD28A}
		{7796758E-F8AF-4C0C-945B-04B20D37FB81} = {E4136A3D-0A25-49DB-9759-085BB73CD28A}
	EndGlobalSection
	GlobalSection(ExtensibilityGlobals) = postSolution
		SolutionGuid = {D160B196-D48C-478D-803C-4BE3D5C804A2}
	EndGlobalSection
EndGlobal
